
Microsoft Visual Studio Solution File, Format Version 12.00
# Visual Studio 14
VisualStudioVersion = 14.0.23107.0
MinimumVisualStudioVersion = 10.0.40219.1
Project("{FAE04EC0-301F-11D3-BF4B-00C04F79EFBC}") = "Hello.NPlant", "Hello.NPlant\Hello.NPlant.csproj", "{9A20F7E8-012F-4137-8970-A7E2805BBB9F}"
EndProject
Project("{2150E333-8FDC-42A3-9474-1A3956D46DE8}") = "Solution Items", "Solution Items", "{CD3E7785-1956-4B2F-977A-28357C9975BD}"
	ProjectSection(SolutionItems) = preProject
		before.Hello.NPlant.sln.targets = before.Hello.NPlant.sln.targets
		build.bat = build.bat
		empty.targets = empty.targets
		mkdocs.yml = mkdocs.yml
		ReadMe.md = ReadMe.md
		solution.targets = solution.targets
		SolutionInfo.cs = SolutionInfo.cs
	EndProjectSection
EndProject
Global
	GlobalSection(SolutionConfigurationPlatforms) = preSolution
		Debug|Any CPU = Debug|Any CPU
		Release|Any CPU = Release|Any CPU
	EndGlobalSection
	GlobalSection(ProjectConfigurationPlatforms) = postSolution
		{9A20F7E8-012F-4137-8970-A7E2805BBB9F}.Debug|Any CPU.ActiveCfg = Debug|Any CPU
		{9A20F7E8-012F-4137-8970-A7E2805BBB9F}.Debug|Any CPU.Build.0 = Debug|Any CPU
		{9A20F7E8-012F-4137-8970-A7E2805BBB9F}.Release|Any CPU.ActiveCfg = Release|Any CPU
		{9A20F7E8-012F-4137-8970-A7E2805BBB9F}.Release|Any CPU.Build.0 = Release|Any CPU
	EndGlobalSection
	GlobalSection(SolutionProperties) = preSolution
		HideSolutionNode = FALSE
	EndGlobalSection
EndGlobal
